// !$*UTF8*$!
{
	archiveVersion = 1;
	classes = {
	};
	objectVersion = 46;
	objects = {

/* Begin PBXBuildFile section */
		E178290C1F5EF8D8008747C6 /* AppDelegate.swift in Sources */ = {isa = PBXBuildFile; fileRef = E178290B1F5EF8D8008747C6 /* AppDelegate.swift */; };
		E178290E1F5EF8D8008747C6 /* ViewController.swift in Sources */ = {isa = PBXBuildFile; fileRef = E178290D1F5EF8D8008747C6 /* ViewController.swift */; };
		E17829111F5EF8D8008747C6 /* Main.storyboard in Resources */ = {isa = PBXBuildFile; fileRef = E178290F1F5EF8D8008747C6 /* Main.storyboard */; };
		E17829131F5EF8D8008747C6 /* Assets.xcassets in Resources */ = {isa = PBXBuildFile; fileRef = E17829121F5EF8D8008747C6 /* Assets.xcassets */; };
		E17829161F5EF8D8008747C6 /* LaunchScreen.storyboard in Resources */ = {isa = PBXBuildFile; fileRef = E17829141F5EF8D8008747C6 /* LaunchScreen.storyboard */; };
		E17829211F5EF8D8008747C6 /* Calendar_with_UICollectionViewTests.swift in Sources */ = {isa = PBXBuildFile; fileRef = E17829201F5EF8D8008747C6 /* Calendar_with_UICollectionViewTests.swift */; };
/* End PBXBuildFile section */

/* Begin PBXContainerItemProxy section */
		E178291D1F5EF8D8008747C6 /* PBXContainerItemProxy */ = {
			isa = PBXContainerItemProxy;
			containerPortal = E17829001F5EF8D7008747C6 /* Project object */;
			proxyType = 1;
			remoteGlobalIDString = E17829071F5EF8D7008747C6;
			remoteInfo = "Calendar-with-UICollectionView";
		};
/* End PBXContainerItemProxy section */

/* Begin PBXFileReference section */
		E17829081F5EF8D8008747C6 /* Calendar-with-UICollectionView.app */ = {isa = PBXFileReference; explicitFileType = wrapper.application; includeInIndex = 0; path = "Calendar-with-UICollectionView.app"; sourceTree = BUILT_PRODUCTS_DIR; };
		E178290B1F5EF8D8008747C6 /* AppDelegate.swift */ = {isa = PBXFileReference; lastKnownFileType = sourcecode.swift; path = AppDelegate.swift; sourceTree = "<group>"; };
		E178290D1F5EF8D8008747C6 /* ViewController.swift */ = {isa = PBXFileReference; lastKnownFileType = sourcecode.swift; path = ViewController.swift; sourceTree = "<group>"; };
		E17829101F5EF8D8008747C6 /* Base */ = {isa = PBXFileReference; lastKnownFileType = file.storyboard; name = Base; path = Base.lproj/Main.storyboard; sourceTree = "<group>"; };
		E17829121F5EF8D8008747C6 /* Assets.xcassets */ = {isa = PBXFileReference; lastKnownFileType = folder.assetcatalog; path = Assets.xcassets; sourceTree = "<group>"; };
		E17829151F5EF8D8008747C6 /* Base */ = {isa = PBXFileReference; lastKnownFileType = file.storyboard; name = Base; path = Base.lproj/LaunchScreen.storyboard; sourceTree = "<group>"; };
		E17829171F5EF8D8008747C6 /* Info.plist */ = {isa = PBXFileReference; lastKnownFileType = text.plist.xml; path = Info.plist; sourceTree = "<group>"; };
		E178291C1F5EF8D8008747C6 /* Calendar-with-UICollectionViewTests.xctest */ = {isa = PBXFileReference; explicitFileType = wrapper.cfbundle; includeInIndex = 0; path = "Calendar-with-UICollectionViewTests.xctest"; sourceTree = BUILT_PRODUCTS_DIR; };
		E17829201F5EF8D8008747C6 /* Calendar_with_UICollectionViewTests.swift */ = {isa = PBXFileReference; lastKnownFileType = sourcecode.swift; path = Calendar_with_UICollectionViewTests.swift; sourceTree = "<group>"; };
		E17829221F5EF8D8008747C6 /* Info.plist */ = {isa = PBXFileReference; lastKnownFileType = text.plist.xml; path = Info.plist; sourceTree = "<group>"; };
/* End PBXFileReference section */

/* Begin PBXFrameworksBuildPhase section */
		E17829051F5EF8D7008747C6 /* Frameworks */ = {
			isa = PBXFrameworksBuildPhase;
			buildActionMask = 2147483647;
			files = (
			);
			runOnlyForDeploymentPostprocessing = 0;
		};
		E17829191F5EF8D8008747C6 /* Frameworks */ = {
			isa = PBXFrameworksBuildPhase;
			buildActionMask = 2147483647;
			files = (
			);
			runOnlyForDeploymentPostprocessing = 0;
		};
/* End PBXFrameworksBuildPhase section */

/* Begin PBXGroup section */
		E17828FF1F5EF8D7008747C6 = {
			isa = PBXGroup;
			children = (
				E178290A1F5EF8D8008747C6 /* Calendar-with-UICollectionView */,
				E178291F1F5EF8D8008747C6 /* Calendar-with-UICollectionViewTests */,
				E17829091F5EF8D8008747C6 /* Products */,
			);
			sourceTree = "<group>";
		};
		E17829091F5EF8D8008747C6 /* Products */ = {
			isa = PBXGroup;
			children = (
				E17829081F5EF8D8008747C6 /* Calendar-with-UICollectionView.app */,
				E178291C1F5EF8D8008747C6 /* Calendar-with-UICollectionViewTests.xctest */,
			);
			name = Products;
			sourceTree = "<group>";
		};
		E178290A1F5EF8D8008747C6 /* Calendar-with-UICollectionView */ = {
			isa = PBXGroup;
			children = (
				E178292D1F5EF911008747C6 /* Extensions */,
				E178292C1F5EF907008747C6 /* Controllers */,
				E178292B1F5EF8FC008747C6 /* Views */,
				E178292F1F5EF947008747C6 /* Others */,
				E178292E1F5EF91C008747C6 /* Utilities */,
				E17829121F5EF8D8008747C6 /* Assets.xcassets */,
				E17829171F5EF8D8008747C6 /* Info.plist */,
			);
			path = "Calendar-with-UICollectionView";
			sourceTree = "<group>";
		};
		E178291F1F5EF8D8008747C6 /* Calendar-with-UICollectionViewTests */ = {
			isa = PBXGroup;
			children = (
				E17829201F5EF8D8008747C6 /* Calendar_with_UICollectionViewTests.swift */,
				E17829221F5EF8D8008747C6 /* Info.plist */,
			);
			path = "Calendar-with-UICollectionViewTests";
			sourceTree = "<group>";
		};
		E178292B1F5EF8FC008747C6 /* Views */ = {
			isa = PBXGroup;
			children = (
				E178290F1F5EF8D8008747C6 /* Main.storyboard */,
				E17829141F5EF8D8008747C6 /* LaunchScreen.storyboard */,
			);
			name = Views;
			sourceTree = "<group>";
		};
		E178292C1F5EF907008747C6 /* Controllers */ = {
			isa = PBXGroup;
			children = (
				E178290D1F5EF8D8008747C6 /* ViewController.swift */,
			);
			name = Controllers;
			sourceTree = "<group>";
		};
		E178292D1F5EF911008747C6 /* Extensions */ = {
			isa = PBXGroup;
			children = (
			);
			name = Extensions;
			sourceTree = "<group>";
		};
		E178292E1F5EF91C008747C6 /* Utilities */ = {
			isa = PBXGroup;
			children = (
			);
			name = Utilities;
			sourceTree = "<group>";
		};
		E178292F1F5EF947008747C6 /* Others */ = {
			isa = PBXGroup;
			children = (
				E178290B1F5EF8D8008747C6 /* AppDelegate.swift */,
			);
			name = Others;
			sourceTree = "<group>";
		};
/* End PBXGroup section */

/* Begin PBXNativeTarget section */
		E17829071F5EF8D7008747C6 /* Calendar-with-UICollectionView */ = {
			isa = PBXNativeTarget;
			buildConfigurationList = E17829251F5EF8D8008747C6 /* Build configuration list for PBXNativeTarget "Calendar-with-UICollectionView" */;
			buildPhases = (
				E17829041F5EF8D7008747C6 /* Sources */,
				E17829051F5EF8D7008747C6 /* Frameworks */,
				E17829061F5EF8D7008747C6 /* Resources */,
			);
			buildRules = (
			);
			dependencies = (
			);
			name = "Calendar-with-UICollectionView";
			productName = "Calendar-with-UICollectionView";
			productReference = E17829081F5EF8D8008747C6 /* Calendar-with-UICollectionView.app */;
			productType = "com.apple.product-type.application";
		};
		E178291B1F5EF8D8008747C6 /* Calendar-with-UICollectionViewTests */ = {
			isa = PBXNativeTarget;
			buildConfigurationList = E17829281F5EF8D8008747C6 /* Build configuration list for PBXNativeTarget "Calendar-with-UICollectionViewTests" */;
			buildPhases = (
				E17829181F5EF8D8008747C6 /* Sources */,
				E17829191F5EF8D8008747C6 /* Frameworks */,
				E178291A1F5EF8D8008747C6 /* Resources */,
			);
			buildRules = (
			);
			dependencies = (
				E178291E1F5EF8D8008747C6 /* PBXTargetDependency */,
			);
			name = "Calendar-with-UICollectionViewTests";
			productName = "Calendar-with-UICollectionViewTests";
			productReference = E178291C1F5EF8D8008747C6 /* Calendar-with-UICollectionViewTests.xctest */;
			productType = "com.apple.product-type.bundle.unit-test";
		};
/* End PBXNativeTarget section */

/* Begin PBXProject section */
		E17829001F5EF8D7008747C6 /* Project object */ = {
			isa = PBXProject;
			attributes = {
				LastSwiftUpdateCheck = 0830;
				LastUpgradeCheck = 0830;
				ORGANIZATIONNAME = Kohey;
				TargetAttributes = {
					E17829071F5EF8D7008747C6 = {
						CreatedOnToolsVersion = 8.3.2;
						DevelopmentTeam = 9D8UR7H9D4;
						ProvisioningStyle = Automatic;
					};
					E178291B1F5EF8D8008747C6 = {
						CreatedOnToolsVersion = 8.3.2;
						DevelopmentTeam = 9D8UR7H9D4;
						ProvisioningStyle = Automatic;
						TestTargetID = E17829071F5EF8D7008747C6;
					};
				};
			};
			buildConfigurationList = E17829031F5EF8D7008747C6 /* Build configuration list for PBXProject "Calendar-with-UICollectionView" */;
			compatibilityVersion = "Xcode 3.2";
			developmentRegion = English;
			hasScannedForEncodings = 0;
			knownRegions = (
				en,
				Base,
			);
			mainGroup = E17828FF1F5EF8D7008747C6;
			productRefGroup = E17829091F5EF8D8008747C6 /* Products */;
			projectDirPath = "";
			projectRoot = "";
			targets = (
				E17829071F5EF8D7008747C6 /* Calendar-with-UICollectionView */,
				E178291B1F5EF8D8008747C6 /* Calendar-with-UICollectionViewTests */,
			);
		};
/* End PBXProject section */

/* Begin PBXResourcesBuildPhase section */
		E17829061F5EF8D7008747C6 /* Resources */ = {
			isa = PBXResourcesBuildPhase;
			buildActionMask = 2147483647;
			files = (
				E17829161F5EF8D8008747C6 /* LaunchScreen.storyboard in Resources */,
				E17829131F5EF8D8008747C6 /* Assets.xcassets in Resources */,
				E17829111F5EF8D8008747C6 /* Main.storyboard in Resources */,
			);
			runOnlyForDeploymentPostprocessing = 0;
		};
		E178291A1F5EF8D8008747C6 /* Resources */ = {
			isa = PBXResourcesBuildPhase;
			buildActionMask = 2147483647;
			files = (
			);
			runOnlyForDeploymentPostprocessing = 0;
		};
/* End PBXResourcesBuildPhase section */

/* Begin PBXSourcesBuildPhase section */
		E17829041F5EF8D7008747C6 /* Sources */ = {
			isa = PBXSourcesBuildPhase;
			buildActionMask = 2147483647;
			files = (
				E178290E1F5EF8D8008747C6 /* ViewController.swift in Sources */,
				E178290C1F5EF8D8008747C6 /* AppDelegate.swift in Sources */,
			);
			runOnlyForDeploymentPostprocessing = 0;
		};
		E17829181F5EF8D8008747C6 /* Sources */ = {
			isa = PBXSourcesBuildPhase;
			buildActionMask = 2147483647;
			files = (
				E17829211F5EF8D8008747C6 /* Calendar_with_UICollectionViewTests.swift in Sources */,
			);
			runOnlyForDeploymentPostprocessing = 0;
		};
/* End PBXSourcesBuildPhase section */

/* Begin PBXTargetDependency section */
		E178291E1F5EF8D8008747C6 /* PBXTargetDependency */ = {
			isa = PBXTargetDependency;
			target = E17829071F5EF8D7008747C6 /* Calendar-with-UICollectionView */;
			targetProxy = E178291D1F5EF8D8008747C6 /* PBXContainerItemProxy */;
		};
/* End PBXTargetDependency section */

/* Begin PBXVariantGroup section */
		E178290F1F5EF8D8008747C6 /* Main.storyboard */ = {
			isa = PBXVariantGroup;
			children = (
				E17829101F5EF8D8008747C6 /* Base */,
			);
			name = Main.storyboard;
			sourceTree = "<group>";
		};
		E17829141F5EF8D8008747C6 /* LaunchScreen.storyboard */ = {
			isa = PBXVariantGroup;
			children = (
				E17829151F5EF8D8008747C6 /* Base */,
			);
			name = LaunchScreen.storyboard;
			sourceTree = "<group>";
		};
/* End PBXVariantGroup section */

/* Begin XCBuildConfiguration section */
		E17829231F5EF8D8008747C6 /* Debug */ = {
			isa = XCBuildConfiguration;
			buildSettings = {
				ALWAYS_SEARCH_USER_PATHS = NO;
				CLANG_ANALYZER_NONNULL = YES;
				CLANG_ANALYZER_NUMBER_OBJECT_CONVERSION = YES_AGGRESSIVE;
				CLANG_CXX_LANGUAGE_STANDARD = "gnu++0x";
				CLANG_CXX_LIBRARY = "libc++";
				CLANG_ENABLE_MODULES = YES;
				CLANG_ENABLE_OBJC_ARC = YES;
				CLANG_WARN_BOOL_CONVERSION = YES;
				CLANG_WARN_CONSTANT_CONVERSION = YES;
				CLANG_WARN_DIRECT_OBJC_ISA_USAGE = YES_ERROR;
				CLANG_WARN_DOCUMENTATION_COMMENTS = YES;
				CLANG_WARN_EMPTY_BODY = YES;
				CLANG_WARN_ENUM_CONVERSION = YES;
				CLANG_WARN_INFINITE_RECURSION = YES;
				CLANG_WARN_INT_CONVERSION = YES;
				CLANG_WARN_OBJC_ROOT_CLASS = YES_ERROR;
				CLANG_WARN_SUSPICIOUS_MOVE = YES;
				CLANG_WARN_UNREACHABLE_CODE = YES;
				CLANG_WARN__DUPLICATE_METHOD_MATCH = YES;
				"CODE_SIGN_IDENTITY[sdk=iphoneos*]" = "iPhone Developer";
				COPY_PHASE_STRIP = NO;
				DEBUG_INFORMATION_FORMAT = dwarf;
				ENABLE_STRICT_OBJC_MSGSEND = YES;
				ENABLE_TESTABILITY = YES;
				GCC_C_LANGUAGE_STANDARD = gnu99;
				GCC_DYNAMIC_NO_PIC = NO;
				GCC_NO_COMMON_BLOCKS = YES;
				GCC_OPTIMIZATION_LEVEL = 0;
				GCC_PREPROCESSOR_DEFINITIONS = (
					"DEBUG=1",
					"$(inherited)",
				);
				GCC_WARN_64_TO_32_BIT_CONVERSION = YES;
				GCC_WARN_ABOUT_RETURN_TYPE = YES_ERROR;
				GCC_WARN_UNDECLARED_SELECTOR = YES;
				GCC_WARN_UNINITIALIZED_AUTOS = YES_AGGRESSIVE;
				GCC_WARN_UNUSED_FUNCTION = YES;
				GCC_WARN_UNUSED_VARIABLE = YES;
				IPHONEOS_DEPLOYMENT_TARGET = 10.3;
				MTL_ENABLE_DEBUG_INFO = YES;
				ONLY_ACTIVE_ARCH = YES;
				SDKROOT = iphoneos;
				SWIFT_ACTIVE_COMPILATION_CONDITIONS = DEBUG;
				SWIFT_OPTIMIZATION_LEVEL = "-Onone";
			};
			name = Debug;
		};
		E17829241F5EF8D8008747C6 /* Release */ = {
			isa = XCBuildConfiguration;
			buildSettings = {
				ALWAYS_SEARCH_USER_PATHS = NO;
				CLANG_ANALYZER_NONNULL = YES;
				CLANG_ANALYZER_NUMBER_OBJECT_CONVERSION = YES_AGGRESSIVE;
				CLANG_CXX_LANGUAGE_STANDARD = "gnu++0x";
				CLANG_CXX_LIBRARY = "libc++";
				CLANG_ENABLE_MODULES = YES;
				CLANG_ENABLE_OBJC_ARC = YES;
				CLANG_WARN_BOOL_CONVERSION = YES;
				CLANG_WARN_CONSTANT_CONVERSION = YES;
				CLANG_WARN_DIRECT_OBJC_ISA_USAGE = YES_ERROR;
				CLANG_WARN_DOCUMENTATION_COMMENTS = YES;
				CLANG_WARN_EMPTY_BODY = YES;
				CLANG_WARN_ENUM_CONVERSION = YES;
				CLANG_WARN_INFINITE_RECURSION = YES;
				CLANG_WARN_INT_CONVERSION = YES;
				CLANG_WARN_OBJC_ROOT_CLASS = YES_ERROR;
				CLANG_WARN_SUSPICIOUS_MOVE = YES;
				CLANG_WARN_UNREACHABLE_CODE = YES;
				CLANG_WARN__DUPLICATE_METHOD_MATCH = YES;
				"CODE_SIGN_IDENTITY[sdk=iphoneos*]" = "iPhone Developer";
				COPY_PHASE_STRIP = NO;
				DEBUG_INFORMATION_FORMAT = "dwarf-with-dsym";
				ENABLE_NS_ASSERTIONS = NO;
				ENABLE_STRICT_OBJC_MSGSEND = YES;
				GCC_C_LANGUAGE_STANDARD = gnu99;
				GCC_NO_COMMON_BLOCKS = YES;
				GCC_WARN_64_TO_32_BIT_CONVERSION = YES;
				GCC_WARN_ABOUT_RETURN_TYPE = YES_ERROR;
				GCC_WARN_UNDECLARED_SELECTOR = YES;
				GCC_WARN_UNINITIALIZED_AUTOS = YES_AGGRESSIVE;
				GCC_WARN_UNUSED_FUNCTION = YES;
				GCC_WARN_UNUSED_VARIABLE = YES;
				IPHONEOS_DEPLOYMENT_TARGET = 10.3;
				MTL_ENABLE_DEBUG_INFO = NO;
				SDKROOT = iphoneos;
				SWIFT_OPTIMIZATION_LEVEL = "-Owholemodule";
				VALIDATE_PRODUCT = YES;
			};
			name = Release;
		};
		E17829261F5EF8D8008747C6 /* Debug */ = {
			isa = XCBuildConfiguration;
			buildSettings = {
				ASSETCATALOG_COMPILER_APPICON_NAME = AppIcon;
				DEVELOPMENT_TEAM = 9D8UR7H9D4;
				INFOPLIST_FILE = "Calendar-with-UICollectionView/Info.plist";
				LD_RUNPATH_SEARCH_PATHS = "$(inherited) @executable_path/Frameworks";
				PRODUCT_BUNDLE_IDENTIFIER = "jp.Kohey.Calendar-with-UICollectionView";
				PRODUCT_NAME = "$(TARGET_NAME)";
				SWIFT_VERSION = 3.0;
			};
			name = Debug;
		};
		E17829271F5EF8D8008747C6 /* Release */ = {
			isa = XCBuildConfiguration;
			buildSettings = {
				ASSETCATALOG_COMPILER_APPICON_NAME = AppIcon;
				DEVELOPMENT_TEAM = 9D8UR7H9D4;
				INFOPLIST_FILE = "Calendar-with-UICollectionView/Info.plist";
				LD_RUNPATH_SEARCH_PATHS = "$(inherited) @executable_path/Frameworks";
				PRODUCT_BUNDLE_IDENTIFIER = "jp.Kohey.Calendar-with-UICollectionView";
				PRODUCT_NAME = "$(TARGET_NAME)";
				SWIFT_VERSION = 3.0;
			};
			name = Release;
		};
		E17829291F5EF8D8008747C6 /* Debug */ = {
			isa = XCBuildConfiguration;
			buildSettings = {
				ALWAYS_EMBED_SWIFT_STANDARD_LIBRARIES = YES;
				BUNDLE_LOADER = "$(TEST_HOST)";
				DEVELOPMENT_TEAM = 9D8UR7H9D4;
				INFOPLIST_FILE = "Calendar-with-UICollectionViewTests/Info.plist";
				LD_RUNPATH_SEARCH_PATHS = "$(inherited) @executable_path/Frameworks @loader_path/Frameworks";
				PRODUCT_BUNDLE_IDENTIFIER = "jp.Kohey.Calendar-with-UICollectionViewTests";
				PRODUCT_NAME = "$(TARGET_NAME)";
				SWIFT_VERSION = 3.0;
				TEST_HOST = "$(BUILT_PRODUCTS_DIR)/Calendar-with-UICollectionView.app/Calendar-with-UICollectionView";
			};
			name = Debug;
		};
		E178292A1F5EF8D8008747C6 /* Release */ = {
			isa = XCBuildConfiguration;
			buildSettings = {
				ALWAYS_EMBED_SWIFT_STANDARD_LIBRARIES = YES;
				BUNDLE_LOADER = "$(TEST_HOST)";
				DEVELOPMENT_TEAM = 9D8UR7H9D4;
				INFOPLIST_FILE = "Calendar-with-UICollectionViewTests/Info.plist";
				LD_RUNPATH_SEARCH_PATHS = "$(inherited) @executable_path/Frameworks @loader_path/Frameworks";
				PRODUCT_BUNDLE_IDENTIFIER = "jp.Kohey.Calendar-with-UICollectionViewTests";
				PRODUCT_NAME = "$(TARGET_NAME)";
				SWIFT_VERSION = 3.0;
				TEST_HOST = "$(BUILT_PRODUCTS_DIR)/Calendar-with-UICollectionView.app/Calendar-with-UICollectionView";
			};
			name = Release;
		};
/* End XCBuildConfiguration section */

/* Begin XCConfigurationList section */
		E17829031F5EF8D7008747C6 /* Build configuration list for PBXProject "Calendar-with-UICollectionView" */ = {
			isa = XCConfigurationList;
			buildConfigurations = (
				E17829231F5EF8D8008747C6 /* Debug */,
				E17829241F5EF8D8008747C6 /* Release */,
			);
			defaultConfigurationIsVisible = 0;
			defaultConfigurationName = Release;
		};
		E17829251F5EF8D8008747C6 /* Build configuration list for PBXNativeTarget "Calendar-with-UICollectionView" */ = {
			isa = XCConfigurationList;
			buildConfigurations = (
				E17829261F5EF8D8008747C6 /* Debug */,
				E17829271F5EF8D8008747C6 /* Release */,
			);
			defaultConfigurationIsVisible = 0;
		};
		E17829281F5EF8D8008747C6 /* Build configuration list for PBXNativeTarget "Calendar-with-UICollectionViewTests" */ = {
			isa = XCConfigurationList;
			buildConfigurations = (
				E17829291F5EF8D8008747C6 /* Debug */,
				E178292A1F5EF8D8008747C6 /* Release */,
			);
			defaultConfigurationIsVisible = 0;
		};
/* End XCConfigurationList section */
	};
	rootObject = E17829001F5EF8D7008747C6 /* Project object */;
}
